// !$*UTF8*$!
{
	archiveVersion = 1;
	classes = {
	};
	objectVersion = 63;
	objects = {

/* Begin PBXBuildFile section */
		333333333333333333333333 /* AuthView.swift in Sources */ = {isa = PBXBuildFile; fileRef = 444444444444444444444444 /* AuthView.swift */; };
		555555555555555555555555 /* AuthService.swift in Sources */ = {isa = PBXBuildFile; fileRef = 666666666666666666666666 /* AuthService.swift */; };
		60E674392F1BCE1900EAC547 /* FirebaseFirestore in Frameworks */ = {isa = PBXBuildFile; productRef = 60E674382F1BCE1900EAC547 /* FirebaseFirestore */; };
		60E6743B2F1BCE1900EAC547 /* FirebaseStorage in Frameworks */ = {isa = PBXBuildFile; productRef = 60E6743A2F1BCE1900EAC547 /* FirebaseStorage */; };
		60E674462F1C286900EAC547 /* FirebaseAuth in Frameworks */ = {isa = PBXBuildFile; productRef = 60E674452F1C286900EAC547 /* FirebaseAuth */; };
		60E674492F1C286900EAC54A /* GoogleSignIn in Frameworks */ = {isa = PBXBuildFile; productRef = 60E674482F1C286900EAC549 /* GoogleSignIn */; };
		650F8C652F212D460084152B /* SecureQRService.swift in Sources */ = {isa = PBXBuildFile; fileRef = 650F8C642F212D460084152B /* SecureQRService.swift */; };
		650F8C672F212DDB0084152B /* SecureQR.swift in Sources */ = {isa = PBXBuildFile; fileRef = 650F8C662F212DDB0084152B /* SecureQR.swift */; };
		655C2FFA2F1E93F600627CD9 /* GoogleService-Info.plist in Resources */ = {isa = PBXBuildFile; fileRef = 655C2FF92F1E93F600627CD9 /* GoogleService-Info.plist */; };
		777777777777777777777778 /* Sources/docLock/Components.swift in Sources */ = {isa = PBXBuildFile; fileRef = 777777777777777777777777 /* Sources/docLock/Components.swift */; };
		8469A751057A6218D3D76FB5 /* RequestActionSheet.swift in Sources */ = {isa = PBXBuildFile; fileRef = A1CBA33FE23E03C9538BACDF /* RequestActionSheet.swift */; };
		A1A1A1A1A1A1A1A1A1A1A1A1 /* AboutView.swift in Sources */ = {isa = PBXBuildFile; fileRef = B1B1B1B1B1B1B1B1B1B1B1B1 /* AboutView.swift */; };
		A2A2A2A2A2A2A2A2A2A2A2A2 /* AddFriendView.swift in Sources */ = {isa = PBXBuildFile; fileRef = B2B2B2B2B2B2B2B2B2B2B2B2 /* AddFriendView.swift */; };
		A3A3A3A3A3A3A3A3A3A3A3A3 /* BottomSheetView.swift in Sources */ = {isa = PBXBuildFile; fileRef = B3B3B3B3B3B3B3B3B3B3B3B3 /* BottomSheetView.swift */; };
		A4A4A4A4A4A4A4A4A4A4A4A4 /* CardsView.swift in Sources */ = {isa = PBXBuildFile; fileRef = B4B4B4B4B4B4B4B4B4B4B4B4 /* CardsView.swift */; };
		A55E7A55E7A55E7A55E72222 /* Sources/docLock/Assets.xcassets in Resources */ = {isa = PBXBuildFile; fileRef = A55E7A55E7A55E7A55E71111 /* Sources/docLock/Assets.xcassets */; };
		A5A5A5A5A5A5A5A5A5A5A5A5 /* CreatePINView.swift in Sources */ = {isa = PBXBuildFile; fileRef = B5B5B5B5B5B5B5B5B5B5B5B5 /* CreatePINView.swift */; };
		A6A6A6A6A6A6A6A6A6A6A6A6 /* CustomActionModal.swift in Sources */ = {isa = PBXBuildFile; fileRef = B6B6B6B6B6B6B6B6B6B6B6B6 /* CustomActionModal.swift */; };
		A7A7A7A7A7A7A7A7A7A7A7A7 /* CustomTabBar.swift in Sources */ = {isa = PBXBuildFile; fileRef = B7B7B7B7B7B7B7B7B7B7B7B7 /* CustomTabBar.swift */; };
		A8A8A8A8A8A8A8A8A8A8A8A8 /* CustomTextField.swift in Sources */ = {isa = PBXBuildFile; fileRef = B8B8B8B8B8B8B8B8B8B8B8B8 /* CustomTextField.swift */; };
		A9A9A9A9A9A9A9A9A9A9A9A9 /* DashboardView.swift in Sources */ = {isa = PBXBuildFile; fileRef = B9B9B9B9B9B9B9B9B9B9B9B9 /* DashboardView.swift */; };
		AAAAAAAAAAAAAAAAAAAAAA /* ContentView.swift in Sources */ = {isa = PBXBuildFile; fileRef = BBBBBBBBBBBBBBBBBBBBBBBB /* ContentView.swift */; };
		AQR1AQR1AQR1AQR1AQR1AQR1 /* AddQRSheet.swift in Sources */ = {isa = PBXBuildFile; fileRef = BQR1BQR1BQR1BQR1BQR1BQR1 /* AddQRSheet.swift */; };
		BCC2A6089BBA43A8AAE01E40 /* docLockApp.swift in Sources */ = {isa = PBXBuildFile; fileRef = 31ABA508666E4CF898F1FC88 /* docLockApp.swift */; };
		C1C1C1C1C1C1C1C1C1C1C1C1 /* DocumentsView.swift in Sources */ = {isa = PBXBuildFile; fileRef = D1D1D1D1D1D1D1D1D1D1D1D1 /* DocumentsView.swift */; };
		C2C2C2C2C2C2C2C2C2C2C2C2 /* FeatureCard.swift in Sources */ = {isa = PBXBuildFile; fileRef = D2D2D2D2D2D2D2D2D2D2D2D2 /* FeatureCard.swift */; };
		C3C3C3C3C3C3C3C3C3C3C3C3 /* FriendsView.swift in Sources */ = {isa = PBXBuildFile; fileRef = D3D3D3D3D3D3D3D3D3D3D3D3 /* FriendsView.swift */; };
		C4C4C4C4C4C4C4C4C4C4C4C4 /* MPINView.swift in Sources */ = {isa = PBXBuildFile; fileRef = D4D4D4D4D4D4D4D4D4D4D4D4 /* MPINView.swift */; };
		C5C5C5C5C5C5C5C5C5C5C5C5 /* NotificationView.swift in Sources */ = {isa = PBXBuildFile; fileRef = D5D5D5D5D5D5D5D5D5D5D5D5 /* NotificationView.swift */; };
		C6C6C6C6C6C6C6C6C6C6C6C6 /* ProfileView.swift in Sources */ = {isa = PBXBuildFile; fileRef = D6D6D6D6D6D6D6D6D6D6D6D6 /* ProfileView.swift */; };
		C7C7C7C7C7C7C7C7C7C7C7C7 /* SecureQRView.swift in Sources */ = {isa = PBXBuildFile; fileRef = D7D7D7D7D7D7D7D7D7D7D7D7 /* SecureQRView.swift */; };
		C9C9C9C9C9C9C9C9C9C9C9C9 /* SplashScreenView.swift in Sources */ = {isa = PBXBuildFile; fileRef = D9D9D9D9D9D9D9D9D9D9D9D9 /* SplashScreenView.swift */; };
		DS1DS1DS1DS1DS1DS1DS1DS1 /* DocumentsSearchBar.swift in Sources */ = {isa = PBXBuildFile; fileRef = DS2DS2DS2DS2DS2DS2DS2DS2 /* DocumentsSearchBar.swift */; };
		E1E1E1E1E1E1E1E1E1E1E1E1 /* StorageCircleView.swift in Sources */ = {isa = PBXBuildFile; fileRef = F1F1F1F1F1F1F1F1F1F1F1F1 /* StorageCircleView.swift */; };
		E2E2E2E2E2E2E2E2E2E2E2E2 /* SwipeToDismissModifier.swift in Sources */ = {isa = PBXBuildFile; fileRef = F2F2F2F2F2F2F2F2F2F2F2F2 /* SwipeToDismissModifier.swift */; };
		E3E3E3E3E3E3E3E3E3E3E3E3 /* TypewriterText.swift in Sources */ = {isa = PBXBuildFile; fileRef = F3F3F3F3F3F3F3F3F3F3F3F3 /* TypewriterText.swift */; };
		E4E4E4E4E4E4E4E4E4E4E4E4 /* ToastView.swift in Sources */ = {isa = PBXBuildFile; fileRef = F4F4F4F4F4F4F4F4F4F4F4F4 /* ToastView.swift */; };
		E5E5E5E5E5E5E5E5E5E5E5E5 /* FriendSelectionSheet.swift in Sources */ = {isa = PBXBuildFile; fileRef = F5F5F5F5F5F5F5F5F5F5F5F5 /* FriendSelectionSheet.swift */; };
		E6E6E6E6E6E6E6E6E6E6E6E6 /* CardSelectionSheet.swift in Sources */ = {isa = PBXBuildFile; fileRef = F6F6F6F6F6F6F6F6F6F6F6F6 /* CardSelectionSheet.swift */; };
		E7E7E7E7E7E7E7E7E7E7E7E7 /* DocumentSelectionSheet.swift in Sources */ = {isa = PBXBuildFile; fileRef = F7F7F7F7F7F7F7F7F7F7F7F7 /* DocumentSelectionSheet.swift */; };
		EIC1EIC1EIC1EIC1EIC1EIC1 /* IconGeneratorView.swift in Sources */ = {isa = PBXBuildFile; fileRef = FIC1FIC1FIC1FIC1FIC1FIC1 /* IconGeneratorView.swift */; };
		H1H1H1H1H1H1H1H1H1H1H1H1 /* Color+Hex.swift in Sources */ = {isa = PBXBuildFile; fileRef = H2H2H2H2H2H2H2H2H2H2H2H2 /* Color+Hex.swift */; };
		M1M1M1M1M1M1M1M1M1M1M1M1 /* User.swift in Sources */ = {isa = PBXBuildFile; fileRef = M2M2M2M2M2M2M2M2M2M2M2M2 /* User.swift */; };
		M3M3M3M3M3M3M3M3M3M3M3M3 /* LoginRequest.swift in Sources */ = {isa = PBXBuildFile; fileRef = M4M4M4M4M4M4M4M4M4M4M4M4 /* LoginRequest.swift */; };
		M5M5M5M5M5M5M5M5M5M5M5M5 /* LoginResponse.swift in Sources */ = {isa = PBXBuildFile; fileRef = M6M6M6M6M6M6M6M6M6M6M6M6 /* LoginResponse.swift */; };
		M7M7M7M7M7M7M7M7M7M7M7M7 /* SignupRequest.swift in Sources */ = {isa = PBXBuildFile; fileRef = M8M8M8M8M8M8M8M8M8M8M8M8 /* SignupRequest.swift */; };
		M9M9M9M9M9M9M9M9M9M9M9M9 /* SignupResponse.swift in Sources */ = {isa = PBXBuildFile; fileRef = MAMAMAMAMAMAMAMAMAMA /* SignupResponse.swift */; };
		MBMBMBMBMBMBMBMBMBMB /* VerifyMobileRequest.swift in Sources */ = {isa = PBXBuildFile; fileRef = MCMCMCMCMCMCMCMCMCMC /* VerifyMobileRequest.swift */; };
		MDMDMDMDMDMDMDMDMDMD /* VerifyMobileResponse.swift in Sources */ = {isa = PBXBuildFile; fileRef = MEMEMEMEMEMEMEMEMEME /* VerifyMobileResponse.swift */; };
		MFMFMFMFMFMFMFMFMFMF /* ErrorResponse.swift in Sources */ = {isa = PBXBuildFile; fileRef = MGMGMGMGMGMGMGMGMGMG /* ErrorResponse.swift */; };
		SR1SR1SR1SR1SR1SR1SR1SR1 /* SearchResultsOverlay.swift in Sources */ = {isa = PBXBuildFile; fileRef = SR2SR2SR2SR2SR2SR2SR2SR2 /* SearchResultsOverlay.swift */; };
/* End PBXBuildFile section */

/* Begin PBXFileReference section */
		31ABA508666E4CF898F1FC88 /* docLockApp.swift */ = {isa = PBXFileReference; lastKnownFileType = sourcecode.swift; path = docLockApp.swift; sourceTree = "<group>"; };
		444444444444444444444444 /* AuthView.swift */ = {isa = PBXFileReference; lastKnownFileType = sourcecode.swift; path = AuthView.swift; sourceTree = "<group>"; };
		604D1E862F1B61B700089094 /* docLock.app */ = {isa = PBXFileReference; explicitFileType = wrapper.application; includeInIndex = 0; path = docLock.app; sourceTree = BUILT_PRODUCTS_DIR; };
		650F8C642F212D460084152B /* SecureQRService.swift */ = {isa = PBXFileReference; lastKnownFileType = sourcecode.swift; path = SecureQRService.swift; sourceTree = "<group>"; };
		650F8C662F212DDB0084152B /* SecureQR.swift */ = {isa = PBXFileReference; lastKnownFileType = sourcecode.swift; path = SecureQR.swift; sourceTree = "<group>"; };
		655C2FF92F1E93F600627CD9 /* GoogleService-Info.plist */ = {isa = PBXFileReference; lastKnownFileType = text.plist.xml; path = "GoogleService-Info.plist"; sourceTree = "<group>"; };
		655C2FFB2F1E93F600627CDB /* Info.plist */ = {isa = PBXFileReference; lastKnownFileType = text.plist.xml; path = Info.plist; sourceTree = "<group>"; };
		666666666666666666666666 /* AuthService.swift */ = {isa = PBXFileReference; lastKnownFileType = sourcecode.swift; path = AuthService.swift; sourceTree = "<group>"; };
		777777777777777777777777 /* Sources/docLock/Components.swift */ = {isa = PBXFileReference; lastKnownFileType = sourcecode.swift; path = Sources/docLock/Components.swift; sourceTree = "<group>"; };
		A1CBA33FE23E03C9538BACDF /* RequestActionSheet.swift */ = {isa = PBXFileReference; includeInIndex = 1; lastKnownFileType = sourcecode.swift; path = RequestActionSheet.swift; sourceTree = "<group>"; };
		A55E7A55E7A55E7A55E71111 /* Sources/docLock/Assets.xcassets */ = {isa = PBXFileReference; lastKnownFileType = folder.assetcatalog; path = Sources/docLock/Assets.xcassets; sourceTree = "<group>"; };
		B1B1B1B1B1B1B1B1B1B1B1B1 /* AboutView.swift */ = {isa = PBXFileReference; lastKnownFileType = sourcecode.swift; path = AboutView.swift; sourceTree = "<group>"; };
		B2B2B2B2B2B2B2B2B2B2B2B2 /* AddFriendView.swift */ = {isa = PBXFileReference; lastKnownFileType = sourcecode.swift; path = AddFriendView.swift; sourceTree = "<group>"; };
		B3B3B3B3B3B3B3B3B3B3B3B3 /* BottomSheetView.swift */ = {isa = PBXFileReference; lastKnownFileType = sourcecode.swift; path = BottomSheetView.swift; sourceTree = "<group>"; };
		B4B4B4B4B4B4B4B4B4B4B4B4 /* CardsView.swift */ = {isa = PBXFileReference; lastKnownFileType = sourcecode.swift; path = CardsView.swift; sourceTree = "<group>"; };
		B5B5B5B5B5B5B5B5B5B5B5B5 /* CreatePINView.swift */ = {isa = PBXFileReference; lastKnownFileType = sourcecode.swift; path = CreatePINView.swift; sourceTree = "<group>"; };
		B6B6B6B6B6B6B6B6B6B6B6B6 /* CustomActionModal.swift */ = {isa = PBXFileReference; lastKnownFileType = sourcecode.swift; path = CustomActionModal.swift; sourceTree = "<group>"; };
		B7B7B7B7B7B7B7B7B7B7B7B7 /* CustomTabBar.swift */ = {isa = PBXFileReference; lastKnownFileType = sourcecode.swift; path = CustomTabBar.swift; sourceTree = "<group>"; };
		B8B8B8B8B8B8B8B8B8B8B8B8 /* CustomTextField.swift */ = {isa = PBXFileReference; lastKnownFileType = sourcecode.swift; path = CustomTextField.swift; sourceTree = "<group>"; };
		B9B9B9B9B9B9B9B9B9B9B9B9 /* DashboardView.swift */ = {isa = PBXFileReference; lastKnownFileType = sourcecode.swift; path = DashboardView.swift; sourceTree = "<group>"; };
		BBBBBBBBBBBBBBBBBBBBBBBB /* ContentView.swift */ = {isa = PBXFileReference; lastKnownFileType = sourcecode.swift; path = ContentView.swift; sourceTree = "<group>"; };
		BQR1BQR1BQR1BQR1BQR1BQR1 /* AddQRSheet.swift */ = {isa = PBXFileReference; lastKnownFileType = sourcecode.swift; path = AddQRSheet.swift; sourceTree = "<group>"; };
		D1D1D1D1D1D1D1D1D1D1D1D1 /* DocumentsView.swift */ = {isa = PBXFileReference; lastKnownFileType = sourcecode.swift; path = DocumentsView.swift; sourceTree = "<group>"; };
		D2D2D2D2D2D2D2D2D2D2D2D2 /* FeatureCard.swift */ = {isa = PBXFileReference; lastKnownFileType = sourcecode.swift; path = FeatureCard.swift; sourceTree = "<group>"; };
		D3D3D3D3D3D3D3D3D3D3D3D3 /* FriendsView.swift */ = {isa = PBXFileReference; lastKnownFileType = sourcecode.swift; path = FriendsView.swift; sourceTree = "<group>"; };
		D4D4D4D4D4D4D4D4D4D4D4D4 /* MPINView.swift */ = {isa = PBXFileReference; lastKnownFileType = sourcecode.swift; path = MPINView.swift; sourceTree = "<group>"; };
		D5D5D5D5D5D5D5D5D5D5D5D5 /* NotificationView.swift */ = {isa = PBXFileReference; lastKnownFileType = sourcecode.swift; path = NotificationView.swift; sourceTree = "<group>"; };
		D6D6D6D6D6D6D6D6D6D6D6D6 /* ProfileView.swift */ = {isa = PBXFileReference; lastKnownFileType = sourcecode.swift; path = ProfileView.swift; sourceTree = "<group>"; };
		D7D7D7D7D7D7D7D7D7D7D7D7 /* SecureQRView.swift */ = {isa = PBXFileReference; lastKnownFileType = sourcecode.swift; path = SecureQRView.swift; sourceTree = "<group>"; };
		D9D9D9D9D9D9D9D9D9D9D9D9 /* SplashScreenView.swift */ = {isa = PBXFileReference; lastKnownFileType = sourcecode.swift; path = SplashScreenView.swift; sourceTree = "<group>"; };
		DS2DS2DS2DS2DS2DS2DS2DS2 /* DocumentsSearchBar.swift */ = {isa = PBXFileReference; lastKnownFileType = sourcecode.swift; path = DocumentsSearchBar.swift; sourceTree = "<group>"; };
		F1F1F1F1F1F1F1F1F1F1F1F1 /* StorageCircleView.swift */ = {isa = PBXFileReference; lastKnownFileType = sourcecode.swift; path = StorageCircleView.swift; sourceTree = "<group>"; };
		F2F2F2F2F2F2F2F2F2F2F2F2 /* SwipeToDismissModifier.swift */ = {isa = PBXFileReference; lastKnownFileType = sourcecode.swift; path = SwipeToDismissModifier.swift; sourceTree = "<group>"; };
		F3F3F3F3F3F3F3F3F3F3F3F3 /* TypewriterText.swift */ = {isa = PBXFileReference; lastKnownFileType = sourcecode.swift; path = TypewriterText.swift; sourceTree = "<group>"; };
		F4F4F4F4F4F4F4F4F4F4F4F4 /* ToastView.swift */ = {isa = PBXFileReference; lastKnownFileType = sourcecode.swift; path = ToastView.swift; sourceTree = "<group>"; };
		F5F5F5F5F5F5F5F5F5F5F5F5 /* FriendSelectionSheet.swift */ = {isa = PBXFileReference; lastKnownFileType = sourcecode.swift; path = FriendSelectionSheet.swift; sourceTree = "<group>"; };
		F6F6F6F6F6F6F6F6F6F6F6F6 /* CardSelectionSheet.swift */ = {isa = PBXFileReference; lastKnownFileType = sourcecode.swift; path = CardSelectionSheet.swift; sourceTree = "<group>"; };
		F7F7F7F7F7F7F7F7F7F7F7F7 /* DocumentSelectionSheet.swift */ = {isa = PBXFileReference; lastKnownFileType = sourcecode.swift; path = DocumentSelectionSheet.swift; sourceTree = "<group>"; };
		FIC1FIC1FIC1FIC1FIC1FIC1 /* IconGeneratorView.swift */ = {isa = PBXFileReference; lastKnownFileType = sourcecode.swift; path = IconGeneratorView.swift; sourceTree = "<group>"; };
		H2H2H2H2H2H2H2H2H2H2H2H2 /* Color+Hex.swift */ = {isa = PBXFileReference; lastKnownFileType = sourcecode.swift; path = "Color+Hex.swift"; sourceTree = "<group>"; };
		M2M2M2M2M2M2M2M2M2M2M2M2 /* User.swift */ = {isa = PBXFileReference; lastKnownFileType = sourcecode.swift; path = User.swift; sourceTree = "<group>"; };
		M4M4M4M4M4M4M4M4M4M4M4M4 /* LoginRequest.swift */ = {isa = PBXFileReference; lastKnownFileType = sourcecode.swift; path = LoginRequest.swift; sourceTree = "<group>"; };
		M6M6M6M6M6M6M6M6M6M6M6M6 /* LoginResponse.swift */ = {isa = PBXFileReference; lastKnownFileType = sourcecode.swift; path = LoginResponse.swift; sourceTree = "<group>"; };
		M8M8M8M8M8M8M8M8M8M8M8M8 /* SignupRequest.swift */ = {isa = PBXFileReference; lastKnownFileType = sourcecode.swift; path = SignupRequest.swift; sourceTree = "<group>"; };
		MAMAMAMAMAMAMAMAMAMA /* SignupResponse.swift */ = {isa = PBXFileReference; lastKnownFileType = sourcecode.swift; path = SignupResponse.swift; sourceTree = "<group>"; };
		MCMCMCMCMCMCMCMCMCMC /* VerifyMobileRequest.swift */ = {isa = PBXFileReference; lastKnownFileType = sourcecode.swift; path = VerifyMobileRequest.swift; sourceTree = "<group>"; };
		MEMEMEMEMEMEMEMEMEME /* VerifyMobileResponse.swift */ = {isa = PBXFileReference; lastKnownFileType = sourcecode.swift; path = VerifyMobileResponse.swift; sourceTree = "<group>"; };
		MGMGMGMGMGMGMGMGMGMG /* ErrorResponse.swift */ = {isa = PBXFileReference; lastKnownFileType = sourcecode.swift; path = ErrorResponse.swift; sourceTree = "<group>"; };
		SR2SR2SR2SR2SR2SR2SR2SR2 /* SearchResultsOverlay.swift */ = {isa = PBXFileReference; lastKnownFileType = sourcecode.swift; path = SearchResultsOverlay.swift; sourceTree = "<group>"; };
/* End PBXFileReference section */

/* Begin PBXFrameworksBuildPhase section */
		604D1E832F1B61B700089094 /* Frameworks */ = {
			isa = PBXFrameworksBuildPhase;
			buildActionMask = 2147483647;
			files = (
				60E674392F1BCE1900EAC547 /* FirebaseFirestore in Frameworks */,
				60E674462F1C286900EAC547 /* FirebaseAuth in Frameworks */,
				60E6743B2F1BCE1900EAC547 /* FirebaseStorage in Frameworks */,
				60E674492F1C286900EAC54A /* GoogleSignIn in Frameworks */,
			);
			runOnlyForDeploymentPostprocessing = 0;
		};
/* End PBXFrameworksBuildPhase section */

/* Begin PBXGroup section */
		5960A092107042A9A652059B /* App */ = {
			isa = PBXGroup;
			children = (
				31ABA508666E4CF898F1FC88 /* docLockApp.swift */,
			);
			name = App;
			path = Sources/docLock/App;
			sourceTree = "<group>";
		};
		604D1E7D2F1B61B700089094 = {
			isa = PBXGroup;
			children = (
				604D1E872F1B61B700089094 /* Products */,
				A55E7A55E7A55E7A55E71111 /* Sources/docLock/Assets.xcassets */,
				5960A092107042A9A652059B /* App */,
				MHMHMHMHMHMHMHMHMHMH /* Models */,
				MSMSMSMSMSMSMSMSMSMS /* Services */,
				MIMIMIMIMIMIMIMIMIMI /* Views */,
				EXEXEXEXEXEXEXEXEXEX /* Extensions */,
				777777777777777777777777 /* Sources/docLock/Components.swift */,
				60E674442F1C286900EAC547 /* Frameworks */,
				655C2FF92F1E93F600627CD9 /* GoogleService-Info.plist */,
				655C2FFB2F1E93F600627CDB /* Info.plist */,
			);
			sourceTree = "<group>";
		};
		604D1E872F1B61B700089094 /* Products */ = {
			isa = PBXGroup;
			children = (
				604D1E862F1B61B700089094 /* docLock.app */,
			);
			name = Products;
			sourceTree = "<group>";
		};
		60E674442F1C286900EAC547 /* Frameworks */ = {
			isa = PBXGroup;
			children = (
			);
			name = Frameworks;
			sourceTree = "<group>";
		};
		EXEXEXEXEXEXEXEXEXEX /* Extensions */ = {
			isa = PBXGroup;
			children = (
				H2H2H2H2H2H2H2H2H2H2H2H2 /* Color+Hex.swift */,
			);
			name = Extensions;
			path = Sources/docLock/Extensions;
			sourceTree = "<group>";
		};
		MHMHMHMHMHMHMHMHMHMH /* Models */ = {
			isa = PBXGroup;
			children = (
				650F8C662F212DDB0084152B /* SecureQR.swift */,
				M2M2M2M2M2M2M2M2M2M2M2M2 /* User.swift */,
				M4M4M4M4M4M4M4M4M4M4M4M4 /* LoginRequest.swift */,
				M6M6M6M6M6M6M6M6M6M6M6M6 /* LoginResponse.swift */,
				M8M8M8M8M8M8M8M8M8M8M8M8 /* SignupRequest.swift */,
				MAMAMAMAMAMAMAMAMAMA /* SignupResponse.swift */,
				MCMCMCMCMCMCMCMCMCMC /* VerifyMobileRequest.swift */,
				MEMEMEMEMEMEMEMEMEME /* VerifyMobileResponse.swift */,
				MGMGMGMGMGMGMGMGMGMG /* ErrorResponse.swift */,
			);
			name = Models;
			path = Sources/docLock/Models;
			sourceTree = "<group>";
		};
		MIMIMIMIMIMIMIMIMIMI /* Views */ = {
			isa = PBXGroup;
			children = (
				VAVAVAVAVAVAVAVAVAVA /* Auth */,
				VMVMVMVMVMVMVMVMVMVM /* Main */,
				VFVFVFVFVFVFVFVFVFVF /* Features */,
				VCVCVCVCVCVCVCVCVCVC /* Components */,
			);
			name = Views;
			sourceTree = "<group>";
		};
		MSMSMSMSMSMSMSMSMSMS /* Services */ = {
			isa = PBXGroup;
			children = (
				650F8C642F212D460084152B /* SecureQRService.swift */,
				666666666666666666666666 /* AuthService.swift */,
			);
			name = Services;
			path = Sources/docLock/Services;
			sourceTree = "<group>";
		};
		VAVAVAVAVAVAVAVAVAVA /* Auth */ = {
			isa = PBXGroup;
			children = (
				444444444444444444444444 /* AuthView.swift */,
				D4D4D4D4D4D4D4D4D4D4D4D4 /* MPINView.swift */,
			);
			name = Auth;
			path = Sources/docLock/Views/Auth;
			sourceTree = "<group>";
		};
		VCVCVCVCVCVCVCVCVCVC /* Components */ = {
			isa = PBXGroup;
			children = (
				B3B3B3B3B3B3B3B3B3B3B3B3 /* BottomSheetView.swift */,
				B5B5B5B5B5B5B5B5B5B5B5B5 /* CreatePINView.swift */,
				B6B6B6B6B6B6B6B6B6B6B6B6 /* CustomActionModal.swift */,
				B7B7B7B7B7B7B7B7B7B7B7B7 /* CustomTabBar.swift */,
				B8B8B8B8B8B8B8B8B8B8B8B8 /* CustomTextField.swift */,
				D2D2D2D2D2D2D2D2D2D2D2D2 /* FeatureCard.swift */,
				F1F1F1F1F1F1F1F1F1F1F1F1 /* StorageCircleView.swift */,
				F2F2F2F2F2F2F2F2F2F2F2F2 /* SwipeToDismissModifier.swift */,
				F3F3F3F3F3F3F3F3F3F3F3F3 /* TypewriterText.swift */,
				F4F4F4F4F4F4F4F4F4F4F4F4 /* ToastView.swift */,
				F5F5F5F5F5F5F5F5F5F5F5F5 /* FriendSelectionSheet.swift */,
				F6F6F6F6F6F6F6F6F6F6F6F6 /* CardSelectionSheet.swift */,
				F7F7F7F7F7F7F7F7F7F7F7F7 /* DocumentSelectionSheet.swift */,
				FIC1FIC1FIC1FIC1FIC1FIC1 /* IconGeneratorView.swift */,
			);
			name = Components;
			path = Sources/docLock/Views/Components;
			sourceTree = "<group>";
		};
		VFVFVFVFVFVFVFVFVFVF /* Features */ = {
			isa = PBXGroup;
			children = (
				B1B1B1B1B1B1B1B1B1B1B1B1 /* AboutView.swift */,
				B2B2B2B2B2B2B2B2B2B2B2B2 /* AddFriendView.swift */,
				B4B4B4B4B4B4B4B4B4B4B4B4 /* CardsView.swift */,
				D1D1D1D1D1D1D1D1D1D1D1D1 /* DocumentsView.swift */,
				SR2SR2SR2SR2SR2SR2SR2SR2 /* SearchResultsOverlay.swift */,
				DS2DS2DS2DS2DS2DS2DS2DS2 /* DocumentsSearchBar.swift */,
				D3D3D3D3D3D3D3D3D3D3D3D3 /* FriendsView.swift */,
				D5D5D5D5D5D5D5D5D5D5D5D5 /* NotificationView.swift */,
				D6D6D6D6D6D6D6D6D6D6D6D6 /* ProfileView.swift */,
				D7D7D7D7D7D7D7D7D7D7D7D7 /* SecureQRView.swift */,
				BQR1BQR1BQR1BQR1BQR1BQR1 /* AddQRSheet.swift */,
				A1CBA33FE23E03C9538BACDF /* RequestActionSheet.swift */,
			);
			name = Features;
			path = Sources/docLock/Views/Features;
			sourceTree = "<group>";
		};
		VMVMVMVMVMVMVMVMVMVM /* Main */ = {
			isa = PBXGroup;
			children = (
				BBBBBBBBBBBBBBBBBBBBBBBB /* ContentView.swift */,
				B9B9B9B9B9B9B9B9B9B9B9B9 /* DashboardView.swift */,
				D9D9D9D9D9D9D9D9D9D9D9D9 /* SplashScreenView.swift */,
			);
			name = Main;
			path = Sources/docLock/Views/Main;
			sourceTree = "<group>";
		};
/* End PBXGroup section */

/* Begin PBXNativeTarget section */
		604D1E852F1B61B700089094 /* docLock */ = {
			isa = PBXNativeTarget;
			buildConfigurationList = 604D1E912F1B61B900089094 /* Build configuration list for PBXNativeTarget "docLock" */;
			buildPhases = (
				604D1E822F1B61B700089094 /* Sources */,
				604D1E832F1B61B700089094 /* Frameworks */,
				604D1E842F1B61B700089094 /* Resources */,
			);
			buildRules = (
			);
			dependencies = (
			);
			name = docLock;
			packageProductDependencies = (
				60E674382F1BCE1900EAC547 /* FirebaseFirestore */,
				60E6743A2F1BCE1900EAC547 /* FirebaseStorage */,
				60E674452F1C286900EAC547 /* FirebaseAuth */,
				60E674482F1C286900EAC549 /* GoogleSignIn */,
			);
			productName = docLock;
			productReference = 604D1E862F1B61B700089094 /* docLock.app */;
			productType = "com.apple.product-type.application";
		};
/* End PBXNativeTarget section */

/* Begin PBXProject section */
		604D1E7E2F1B61B700089094 /* Project object */ = {
			isa = PBXProject;
			attributes = {
				BuildIndependentTargetsInParallel = 1;
				LastSwiftUpdateCheck = 1420;
				LastUpgradeCheck = 1420;
				TargetAttributes = {
					604D1E852F1B61B700089094 = {
						CreatedOnToolsVersion = 14.2;
					};
				};
			};
			buildConfigurationList = 604D1E812F1B61B700089094 /* Build configuration list for PBXProject "docLock" */;
			compatibilityVersion = "Xcode 14.0";
			developmentRegion = en;
			hasScannedForEncodings = 0;
			knownRegions = (
				en,
				Base,
			);
			mainGroup = 604D1E7D2F1B61B700089094;
			minimizedProjectReferenceProxies = 1;
			packageReferences = (
				60E674372F1BCE1900EAC547 /* XCRemoteSwiftPackageReference "firebase-ios-sdk" */,
				60E674472F1C286900EAC548 /* XCRemoteSwiftPackageReference "GoogleSignIn-iOS" */,
			);
			productRefGroup = 604D1E872F1B61B700089094 /* Products */;
			projectDirPath = "";
			projectRoot = "";
			targets = (
				604D1E852F1B61B700089094 /* docLock */,
			);
		};
/* End PBXProject section */

/* Begin PBXResourcesBuildPhase section */
		604D1E842F1B61B700089094 /* Resources */ = {
			isa = PBXResourcesBuildPhase;
			buildActionMask = 2147483647;
			files = (
				A55E7A55E7A55E7A55E72222 /* Sources/docLock/Assets.xcassets in Resources */,
				655C2FFA2F1E93F600627CD9 /* GoogleService-Info.plist in Resources */,
			);
			runOnlyForDeploymentPostprocessing = 0;
		};
/* End PBXResourcesBuildPhase section */

/* Begin PBXSourcesBuildPhase section */
		604D1E822F1B61B700089094 /* Sources */ = {
			isa = PBXSourcesBuildPhase;
			buildActionMask = 2147483647;
			files = (
				BCC2A6089BBA43A8AAE01E40 /* docLockApp.swift in Sources */,
				AAAAAAAAAAAAAAAAAAAAAA /* ContentView.swift in Sources */,
				333333333333333333333333 /* AuthView.swift in Sources */,
				555555555555555555555555 /* AuthService.swift in Sources */,
				777777777777777777777778 /* Sources/docLock/Components.swift in Sources */,
				A1A1A1A1A1A1A1A1A1A1A1A1 /* AboutView.swift in Sources */,
				A2A2A2A2A2A2A2A2A2A2A2A2 /* AddFriendView.swift in Sources */,
				AQR1AQR1AQR1AQR1AQR1AQR1 /* AddQRSheet.swift in Sources */,
				A3A3A3A3A3A3A3A3A3A3A3A3 /* BottomSheetView.swift in Sources */,
				A4A4A4A4A4A4A4A4A4A4A4A4 /* CardsView.swift in Sources */,
				A5A5A5A5A5A5A5A5A5A5A5A5 /* CreatePINView.swift in Sources */,
				650F8C652F212D460084152B /* SecureQRService.swift in Sources */,
				A6A6A6A6A6A6A6A6A6A6A6A6 /* CustomActionModal.swift in Sources */,
				A7A7A7A7A7A7A7A7A7A7A7A7 /* CustomTabBar.swift in Sources */,
				A8A8A8A8A8A8A8A8A8A8A8A8 /* CustomTextField.swift in Sources */,
				A9A9A9A9A9A9A9A9A9A9A9A9 /* DashboardView.swift in Sources */,
				C1C1C1C1C1C1C1C1C1C1C1C1 /* DocumentsView.swift in Sources */,
				SR1SR1SR1SR1SR1SR1SR1SR1 /* SearchResultsOverlay.swift in Sources */,
				DS1DS1DS1DS1DS1DS1DS1DS1 /* DocumentsSearchBar.swift in Sources */,
				C2C2C2C2C2C2C2C2C2C2C2C2 /* FeatureCard.swift in Sources */,
				C3C3C3C3C3C3C3C3C3C3C3C3 /* FriendsView.swift in Sources */,
				C4C4C4C4C4C4C4C4C4C4C4C4 /* MPINView.swift in Sources */,
				C5C5C5C5C5C5C5C5C5C5C5C5 /* NotificationView.swift in Sources */,
				C6C6C6C6C6C6C6C6C6C6C6C6 /* ProfileView.swift in Sources */,
				C7C7C7C7C7C7C7C7C7C7C7C7 /* SecureQRView.swift in Sources */,
				C9C9C9C9C9C9C9C9C9C9C9C9 /* SplashScreenView.swift in Sources */,
				E1E1E1E1E1E1E1E1E1E1E1E1 /* StorageCircleView.swift in Sources */,
				E2E2E2E2E2E2E2E2E2E2E2E2 /* SwipeToDismissModifier.swift in Sources */,
				E3E3E3E3E3E3E3E3E3E3E3E3 /* TypewriterText.swift in Sources */,
				E4E4E4E4E4E4E4E4E4E4E4E4 /* ToastView.swift in Sources */,
				E5E5E5E5E5E5E5E5E5E5E5E5 /* FriendSelectionSheet.swift in Sources */,
				E6E6E6E6E6E6E6E6E6E6E6E6 /* CardSelectionSheet.swift in Sources */,
				E7E7E7E7E7E7E7E7E7E7E7E7 /* DocumentSelectionSheet.swift in Sources */,
				EIC1EIC1EIC1EIC1EIC1EIC1 /* IconGeneratorView.swift in Sources */,
				H1H1H1H1H1H1H1H1H1H1H1H1 /* Color+Hex.swift in Sources */,
				M1M1M1M1M1M1M1M1M1M1M1M1 /* User.swift in Sources */,
				M3M3M3M3M3M3M3M3M3M3M3M3 /* LoginRequest.swift in Sources */,
				M5M5M5M5M5M5M5M5M5M5M5M5 /* LoginResponse.swift in Sources */,
				M7M7M7M7M7M7M7M7M7M7M7M7 /* SignupRequest.swift in Sources */,
				M9M9M9M9M9M9M9M9M9M9M9M9 /* SignupResponse.swift in Sources */,
				MBMBMBMBMBMBMBMBMBMB /* VerifyMobileRequest.swift in Sources */,
				MDMDMDMDMDMDMDMDMDMD /* VerifyMobileResponse.swift in Sources */,
				MFMFMFMFMFMFMFMFMFMF /* ErrorResponse.swift in Sources */,
				650F8C672F212DDB0084152B /* SecureQR.swift in Sources */,
				8469A751057A6218D3D76FB5 /* RequestActionSheet.swift in Sources */,
			);
			runOnlyForDeploymentPostprocessing = 0;
		};
/* End PBXSourcesBuildPhase section */

/* Begin XCBuildConfiguration section */
		604D1E8F2F1B61B900089094 /* Debug */ = {
			isa = XCBuildConfiguration;
			buildSettings = {
				ALWAYS_SEARCH_USER_PATHS = NO;
				CLANG_ANALYZER_NONNULL = YES;
				CLANG_ANALYZER_NUMBER_OBJECT_CONVERSION = YES_AGGRESSIVE;
				CLANG_CXX_LANGUAGE_STANDARD = "gnu++20";
				CLANG_ENABLE_MODULES = YES;
				CLANG_ENABLE_OBJC_ARC = YES;
				CLANG_ENABLE_OBJC_WEAK = YES;
				CLANG_WARN_BLOCK_CAPTURE_AUTORELEASING = YES;
				CLANG_WARN_BOOL_CONVERSION = YES;
				CLANG_WARN_COMMA = YES;
				CLANG_WARN_CONSTANT_CONVERSION = YES;
				CLANG_WARN_DEPRECATED_OBJC_IMPLEMENTATIONS = YES;
				CLANG_WARN_DIRECT_OBJC_ISA_USAGE = YES_ERROR;
				CLANG_WARN_DOCUMENTATION_COMMENTS = YES;
				CLANG_WARN_EMPTY_BODY = YES;
				CLANG_WARN_ENUM_CONVERSION = YES;
				CLANG_WARN_INFINITE_RECURSION = YES;
				CLANG_WARN_INT_CONVERSION = YES;
				CLANG_WARN_NON_LITERAL_NULL_CONVERSION = YES;
				CLANG_WARN_OBJC_IMPLICIT_RETAIN_SELF = YES;
				CLANG_WARN_OBJC_LITERAL_CONVERSION = YES;
				CLANG_WARN_OBJC_ROOT_CLASS = YES_ERROR;
				CLANG_WARN_QUOTED_INCLUDE_IN_FRAMEWORK_HEADER = YES;
				CLANG_WARN_RANGE_LOOP_ANALYSIS = YES;
				CLANG_WARN_STRICT_PROTOTYPES = YES;
				CLANG_WARN_SUSPICIOUS_MOVE = YES;
				CLANG_WARN_UNGUARDED_AVAILABILITY = YES_AGGRESSIVE;
				CLANG_WARN_UNREACHABLE_CODE = YES;
				CLANG_WARN__DUPLICATE_METHOD_MATCH = YES;
				COPY_PHASE_STRIP = NO;
				DEBUG_INFORMATION_FORMAT = dwarf;
				ENABLE_STRICT_OBJC_MSGSEND = YES;
				ENABLE_TESTABILITY = YES;
				GCC_C_LANGUAGE_STANDARD = gnu17;
				GCC_DYNAMIC_NO_PIC = NO;
				GCC_NO_COMMON_BLOCKS = YES;
				GCC_OPTIMIZATION_LEVEL = 0;
				GCC_PREPROCESSOR_DEFINITIONS = (
					"DEBUG=1",
					"$(inherited)",
				);
				GCC_WARN_64_TO_32_BIT_CONVERSION = YES;
				GCC_WARN_ABOUT_RETURN_TYPE = YES_ERROR;
				GCC_WARN_UNDECLARED_SELECTOR = YES;
				GCC_WARN_UNINITIALIZED_AUTOS = YES_AGGRESSIVE;
				GCC_WARN_UNUSED_FUNCTION = YES;
				GCC_WARN_UNUSED_VARIABLE = YES;
				MTL_ENABLE_DEBUG_INFO = INCLUDE_SOURCE;
				MTL_FAST_MATH = YES;
				ONLY_ACTIVE_ARCH = YES;
				SWIFT_ACTIVE_COMPILATION_CONDITIONS = "DEBUG $(inherited)";
				SWIFT_OPTIMIZATION_LEVEL = "-Onone";
			};
			name = Debug;
		};
		604D1E902F1B61B900089094 /* Release */ = {
			isa = XCBuildConfiguration;
			buildSettings = {
				ALWAYS_SEARCH_USER_PATHS = NO;
				CLANG_ANALYZER_NONNULL = YES;
				CLANG_ANALYZER_NUMBER_OBJECT_CONVERSION = YES_AGGRESSIVE;
				CLANG_CXX_LANGUAGE_STANDARD = "gnu++20";
				CLANG_ENABLE_MODULES = YES;
				CLANG_ENABLE_OBJC_ARC = YES;
				CLANG_ENABLE_OBJC_WEAK = YES;
				CLANG_WARN_BLOCK_CAPTURE_AUTORELEASING = YES;
				CLANG_WARN_BOOL_CONVERSION = YES;
				CLANG_WARN_COMMA = YES;
				CLANG_WARN_CONSTANT_CONVERSION = YES;
				CLANG_WARN_DEPRECATED_OBJC_IMPLEMENTATIONS = YES;
				CLANG_WARN_DIRECT_OBJC_ISA_USAGE = YES_ERROR;
				CLANG_WARN_DOCUMENTATION_COMMENTS = YES;
				CLANG_WARN_EMPTY_BODY = YES;
				CLANG_WARN_ENUM_CONVERSION = YES;
				CLANG_WARN_INFINITE_RECURSION = YES;
				CLANG_WARN_INT_CONVERSION = YES;
				CLANG_WARN_NON_LITERAL_NULL_CONVERSION = YES;
				CLANG_WARN_OBJC_IMPLICIT_RETAIN_SELF = YES;
				CLANG_WARN_OBJC_LITERAL_CONVERSION = YES;
				CLANG_WARN_OBJC_ROOT_CLASS = YES_ERROR;
				CLANG_WARN_QUOTED_INCLUDE_IN_FRAMEWORK_HEADER = YES;
				CLANG_WARN_RANGE_LOOP_ANALYSIS = YES;
				CLANG_WARN_STRICT_PROTOTYPES = YES;
				CLANG_WARN_SUSPICIOUS_MOVE = YES;
				CLANG_WARN_UNGUARDED_AVAILABILITY = YES_AGGRESSIVE;
				CLANG_WARN_UNREACHABLE_CODE = YES;
				CLANG_WARN__DUPLICATE_METHOD_MATCH = YES;
				COPY_PHASE_STRIP = NO;
				DEBUG_INFORMATION_FORMAT = "dwarf-with-dsym";
				ENABLE_NS_ASSERTIONS = NO;
				ENABLE_STRICT_OBJC_MSGSEND = YES;
				GCC_C_LANGUAGE_STANDARD = gnu17;
				GCC_NO_COMMON_BLOCKS = YES;
				GCC_WARN_64_TO_32_BIT_CONVERSION = YES;
				GCC_WARN_ABOUT_RETURN_TYPE = YES_ERROR;
				GCC_WARN_UNDECLARED_SELECTOR = YES;
				GCC_WARN_UNINITIALIZED_AUTOS = YES_AGGRESSIVE;
				GCC_WARN_UNUSED_FUNCTION = YES;
				GCC_WARN_UNUSED_VARIABLE = YES;
				MTL_ENABLE_DEBUG_INFO = NO;
				MTL_FAST_MATH = YES;
				SWIFT_COMPILATION_MODE = wholemodule;
			};
			name = Release;
		};
		604D1E922F1B61B900089094 /* Debug */ = {
			isa = XCBuildConfiguration;
			buildSettings = {
				ASSETCATALOG_COMPILER_APPICON_NAME = AppIcon;
				ASSETCATALOG_COMPILER_GLOBAL_ACCENT_COLOR_NAME = AccentColor;
				CODE_SIGN_STYLE = Manual;
				CURRENT_PROJECT_VERSION = 1;
				DEVELOPMENT_TEAM = "";
				ENABLE_PREVIEWS = YES;
				GENERATE_INFOPLIST_FILE = NO;
				INFOPLIST_FILE = Sources/docLock/Info.plist;
				INFOPLIST_KEY_LSApplicationCategoryType = "public.app-category.utilities";
				INFOPLIST_KEY_NSPhotoLibraryAddUsageDescription = "DocLock needs access to save your QR code cards to your photo library.";
				"INFOPLIST_KEY_UIApplicationSceneManifest_Generation[sdk=iphoneos*]" = YES;
				"INFOPLIST_KEY_UIApplicationSceneManifest_Generation[sdk=iphonesimulator*]" = YES;
				"INFOPLIST_KEY_UILaunchScreen_Generation[sdk=iphoneos*]" = YES;
				"INFOPLIST_KEY_UILaunchScreen_Generation[sdk=iphonesimulator*]" = YES;
				IPHONEOS_DEPLOYMENT_TARGET = 16.0;
				LD_RUNPATH_SEARCH_PATHS = "@executable_path/Frameworks";
				MACOSX_DEPLOYMENT_TARGET = 13.0;
				MARKETING_VERSION = 1.0;
				PRODUCT_BUNDLE_IDENTIFIER = com.apekshaverma.doclock;
				PRODUCT_NAME = "$(TARGET_NAME)";
				PROVISIONING_PROFILE_SPECIFIER = "";
				SDKROOT = auto;
				SUPPORTED_PLATFORMS = "iphoneos iphonesimulator";
				SWIFT_VERSION = 5.0;
				TARGETED_DEVICE_FAMILY = "1,2";
			};
			name = Debug;
		};
		604D1E932F1B61B900089094 /* Release */ = {
			isa = XCBuildConfiguration;
			buildSettings = {
				ASSETCATALOG_COMPILER_APPICON_NAME = AppIcon;
				ASSETCATALOG_COMPILER_GLOBAL_ACCENT_COLOR_NAME = AccentColor;
				CODE_SIGN_STYLE = Manual;
				CURRENT_PROJECT_VERSION = 1;
				DEVELOPMENT_TEAM = "";
				ENABLE_PREVIEWS = YES;
				GENERATE_INFOPLIST_FILE = NO;
				INFOPLIST_FILE = Sources/docLock/Info.plist;
				INFOPLIST_KEY_LSApplicationCategoryType = "public.app-category.utilities";
				INFOPLIST_KEY_NSPhotoLibraryAddUsageDescription = "DocLock needs access to save your QR code cards to your photo library.";
				"INFOPLIST_KEY_UIApplicationSceneManifest_Generation[sdk=iphoneos*]" = YES;
				"INFOPLIST_KEY_UIApplicationSceneManifest_Generation[sdk=iphonesimulator*]" = YES;
				"INFOPLIST_KEY_UILaunchScreen_Generation[sdk=iphoneos*]" = YES;
				"INFOPLIST_KEY_UILaunchScreen_Generation[sdk=iphonesimulator*]" = YES;
				IPHONEOS_DEPLOYMENT_TARGET = 16.0;
				LD_RUNPATH_SEARCH_PATHS = "@executable_path/Frameworks";
				MACOSX_DEPLOYMENT_TARGET = 13.0;
				MARKETING_VERSION = 1.0;
				PRODUCT_BUNDLE_IDENTIFIER = com.apekshaverma.doclock;
				PRODUCT_NAME = "$(TARGET_NAME)";
				PROVISIONING_PROFILE_SPECIFIER = "";
				SDKROOT = auto;
				SUPPORTED_PLATFORMS = "iphoneos iphonesimulator";
				SWIFT_VERSION = 5.0;
				TARGETED_DEVICE_FAMILY = "1,2";
			};
			name = Release;
		};
/* End XCBuildConfiguration section */

/* Begin XCConfigurationList section */
		604D1E812F1B61B700089094 /* Build configuration list for PBXProject "docLock" */ = {
			isa = XCConfigurationList;
			buildConfigurations = (
				604D1E8F2F1B61B900089094 /* Debug */,
				604D1E902F1B61B900089094 /* Release */,
			);
			defaultConfigurationIsVisible = 0;
			defaultConfigurationName = Release;
		};
		604D1E912F1B61B900089094 /* Build configuration list for PBXNativeTarget "docLock" */ = {
			isa = XCConfigurationList;
			buildConfigurations = (
				604D1E922F1B61B900089094 /* Debug */,
				604D1E932F1B61B900089094 /* Release */,
			);
			defaultConfigurationIsVisible = 0;
			defaultConfigurationName = Release;
		};
/* End XCConfigurationList section */

/* Begin XCRemoteSwiftPackageReference section */
		60E674372F1BCE1900EAC547 /* XCRemoteSwiftPackageReference "firebase-ios-sdk" */ = {
			isa = XCRemoteSwiftPackageReference;
			repositoryURL = "https://github.com/firebase/firebase-ios-sdk";
			requirement = {
				kind = upToNextMajorVersion;
				minimumVersion = 12.8.0;
			};
		};
		60E674472F1C286900EAC548 /* XCRemoteSwiftPackageReference "GoogleSignIn-iOS" */ = {
			isa = XCRemoteSwiftPackageReference;
			repositoryURL = "https://github.com/google/GoogleSignIn-iOS";
			requirement = {
				kind = upToNextMajorVersion;
				minimumVersion = 7.0.0;
			};
		};
/* End XCRemoteSwiftPackageReference section */

/* Begin XCSwiftPackageProductDependency section */
		60E674382F1BCE1900EAC547 /* FirebaseFirestore */ = {
			isa = XCSwiftPackageProductDependency;
			package = 60E674372F1BCE1900EAC547 /* XCRemoteSwiftPackageReference "firebase-ios-sdk" */;
			productName = FirebaseFirestore;
		};
		60E6743A2F1BCE1900EAC547 /* FirebaseStorage */ = {
			isa = XCSwiftPackageProductDependency;
			package = 60E674372F1BCE1900EAC547 /* XCRemoteSwiftPackageReference "firebase-ios-sdk" */;
			productName = FirebaseStorage;
		};
		60E674452F1C286900EAC547 /* FirebaseAuth */ = {
			isa = XCSwiftPackageProductDependency;
			package = 60E674372F1BCE1900EAC547 /* XCRemoteSwiftPackageReference "firebase-ios-sdk" */;
			productName = FirebaseAuth;
		};
		60E674482F1C286900EAC549 /* GoogleSignIn */ = {
			isa = XCSwiftPackageProductDependency;
			package = 60E674472F1C286900EAC548 /* XCRemoteSwiftPackageReference "GoogleSignIn-iOS" */;
			productName = GoogleSignIn;
		};
/* End XCSwiftPackageProductDependency section */
	};
	rootObject = 604D1E7E2F1B61B700089094 /* Project object */;
}
